
Microsoft Visual Studio Solution File, Format Version 12.00
# Visual Studio Version 17
VisualStudioVersion = 17.13.35806.99 d17.13
MinimumVisualStudioVersion = 10.0.40219.1
Project("{54A90642-561A-4BB1-A94E-469ADEE60C69}") = "reactapp5.client", "reactapp5.client\reactapp5.client.esproj", "{C7FB0FDF-D208-C1A1-10C8-564DFA910C31}"
EndProject
Project("{FAE04EC0-301F-11D3-BF4B-00C04F79EFBC}") = "ReactApp5.Server", "ReactApp5.Server\ReactApp5.Server.csproj", "{8A454236-1412-4BCD-934A-034EC6846839}"
EndProject
Global
	GlobalSection(SolutionConfigurationPlatforms) = preSolution
		Debug|Any CPU = Debug|Any CPU
		Release|Any CPU = Release|Any CPU
	EndGlobalSection
	GlobalSection(ProjectConfigurationPlatforms) = postSolution
		{C7FB0FDF-D208-C1A1-10C8-564DFA910C31}.Debug|Any CPU.ActiveCfg = Debug|Any CPU
		{C7FB0FDF-D208-C1A1-10C8-564DFA910C31}.Debug|Any CPU.Build.0 = Debug|Any CPU
		{C7FB0FDF-D208-C1A1-10C8-564DFA910C31}.Debug|Any CPU.Deploy.0 = Debug|Any CPU
		{C7FB0FDF-D208-C1A1-10C8-564DFA910C31}.Release|Any CPU.ActiveCfg = Release|Any CPU
		{C7FB0FDF-D208-C1A1-10C8-564DFA910C31}.Release|Any CPU.Build.0 = Release|Any CPU
		{C7FB0FDF-D208-C1A1-10C8-564DFA910C31}.Release|Any CPU.Deploy.0 = Release|Any CPU
		{8A454236-1412-4BCD-934A-034EC6846839}.Debug|Any CPU.ActiveCfg = Debug|Any CPU
		{8A454236-1412-4BCD-934A-034EC6846839}.Debug|Any CPU.Build.0 = Debug|Any CPU
		{8A454236-1412-4BCD-934A-034EC6846839}.Release|Any CPU.ActiveCfg = Release|Any CPU
		{8A454236-1412-4BCD-934A-034EC6846839}.Release|Any CPU.Build.0 = Release|Any CPU
	EndGlobalSection
	GlobalSection(SolutionProperties) = preSolution
		HideSolutionNode = FALSE
	EndGlobalSection
	GlobalSection(ExtensibilityGlobals) = postSolution
		SolutionGuid = {8631543F-3F60-4788-9D58-C2D7FEAC00AC}
	EndGlobalSection
EndGlobal
